// !$*UTF8*$!
{
	archiveVersion = 1;
	classes = {
	};
	objectVersion = 46;
	objects = {

/* Begin PBXBuildFile section */
		C4D681FC1DFF49B5004858C4 /* AppDelegate.swift in Sources */ = {isa = PBXBuildFile; fileRef = C4D681FB1DFF49B5004858C4 /* AppDelegate.swift */; };
		C4D681FE1DFF49B5004858C4 /* ViewController.swift in Sources */ = {isa = PBXBuildFile; fileRef = C4D681FD1DFF49B5004858C4 /* ViewController.swift */; };
		C4D682011DFF49B5004858C4 /* Main.storyboard in Resources */ = {isa = PBXBuildFile; fileRef = C4D681FF1DFF49B5004858C4 /* Main.storyboard */; };
		C4D682031DFF49B6004858C4 /* Assets.xcassets in Resources */ = {isa = PBXBuildFile; fileRef = C4D682021DFF49B6004858C4 /* Assets.xcassets */; };
		C4D682061DFF49B6004858C4 /* LaunchScreen.storyboard in Resources */ = {isa = PBXBuildFile; fileRef = C4D682041DFF49B6004858C4 /* LaunchScreen.storyboard */; };
/* End PBXBuildFile section */

/* Begin PBXFileReference section */
		C4D681F81DFF49B5004858C4 /* Dropz.app */ = {isa = PBXFileReference; explicitFileType = wrapper.application; includeInIndex = 0; path = Dropz.app; sourceTree = BUILT_PRODUCTS_DIR; };
		C4D681FB1DFF49B5004858C4 /* AppDelegate.swift */ = {isa = PBXFileReference; lastKnownFileType = sourcecode.swift; path = AppDelegate.swift; sourceTree = "<group>"; };
		C4D681FD1DFF49B5004858C4 /* ViewController.swift */ = {isa = PBXFileReference; lastKnownFileType = sourcecode.swift; path = ViewController.swift; sourceTree = "<group>"; };
		C4D682001DFF49B5004858C4 /* Base */ = {isa = PBXFileReference; lastKnownFileType = file.storyboard; name = Base; path = Base.lproj/Main.storyboard; sourceTree = "<group>"; };
		C4D682021DFF49B6004858C4 /* Assets.xcassets */ = {isa = PBXFileReference; lastKnownFileType = folder.assetcatalog; path = Assets.xcassets; sourceTree = "<group>"; };
		C4D682051DFF49B6004858C4 /* Base */ = {isa = PBXFileReference; lastKnownFileType = file.storyboard; name = Base; path = Base.lproj/LaunchScreen.storyboard; sourceTree = "<group>"; };
		C4D682071DFF49B6004858C4 /* Info.plist */ = {isa = PBXFileReference; lastKnownFileType = text.plist.xml; path = Info.plist; sourceTree = "<group>"; };
/* End PBXFileReference section */

/* Begin PBXFrameworksBuildPhase section */
		C4D681F51DFF49B5004858C4 /* Frameworks */ = {
			isa = PBXFrameworksBuildPhase;
			buildActionMask = 2147483647;
			files = (
			);
			runOnlyForDeploymentPostprocessing = 0;
		};
/* End PBXFrameworksBuildPhase section */

/* Begin PBXGroup section */
		C4D681EF1DFF49B5004858C4 = {
			isa = PBXGroup;
			children = (
				C4D681FA1DFF49B5004858C4 /* Dropz */,
				C4D681F91DFF49B5004858C4 /* Products */,
			);
			sourceTree = "<group>";
		};
		C4D681F91DFF49B5004858C4 /* Products */ = {
			isa = PBXGroup;
			children = (
				C4D681F81DFF49B5004858C4 /* Dropz.app */,
			);
			name = Products;
			sourceTree = "<group>";
		};
		C4D681FA1DFF49B5004858C4 /* Dropz */ = {
			isa = PBXGroup;
			children = (
				C4D681FB1DFF49B5004858C4 /* AppDelegate.swift */,
				C4D681FD1DFF49B5004858C4 /* ViewController.swift */,
				C4D681FF1DFF49B5004858C4 /* Main.storyboard */,
				C4D682021DFF49B6004858C4 /* Assets.xcassets */,
				C4D682041DFF49B6004858C4 /* LaunchScreen.storyboard */,
				C4D682071DFF49B6004858C4 /* Info.plist */,
			);
			path = Dropz;
			sourceTree = "<group>";
		};
/* End PBXGroup section */

/* Begin PBXNativeTarget section */
		C4D681F71DFF49B5004858C4 /* Dropz */ = {
			isa = PBXNativeTarget;
			buildConfigurationList = C4D6820A1DFF49B6004858C4 /* Build configuration list for PBXNativeTarget "Dropz" */;
			buildPhases = (
				C4D681F41DFF49B5004858C4 /* Sources */,
				C4D681F51DFF49B5004858C4 /* Frameworks */,
				C4D681F61DFF49B5004858C4 /* Resources */,
			);
			buildRules = (
			);
			dependencies = (
			);
			name = Dropz;
			productName = Dropz;
			productReference = C4D681F81DFF49B5004858C4 /* Dropz.app */;
			productType = "com.apple.product-type.application";
		};
/* End PBXNativeTarget section */

/* Begin PBXProject section */
		C4D681F01DFF49B5004858C4 /* Project object */ = {
			isa = PBXProject;
			attributes = {
				LastSwiftUpdateCheck = 0810;
				LastUpgradeCheck = 0810;
				ORGANIZATIONNAME = Cory;
				TargetAttributes = {
					C4D681F71DFF49B5004858C4 = {
						CreatedOnToolsVersion = 8.1;
						DevelopmentTeam = 595GQGY9Q9;
						ProvisioningStyle = Automatic;
					};
				};
			};
			buildConfigurationList = C4D681F31DFF49B5004858C4 /* Build configuration list for PBXProject "Dropz" */;
			compatibilityVersion = "Xcode 3.2";
			developmentRegion = English;
			hasScannedForEncodings = 0;
			knownRegions = (
				en,
				Base,
			);
			mainGroup = C4D681EF1DFF49B5004858C4;
			productRefGroup = C4D681F91DFF49B5004858C4 /* Products */;
			projectDirPath = "";
			projectRoot = "";
			targets = (
				C4D681F71DFF49B5004858C4 /* Dropz */,
			);
		};
/* End PBXProject section */

/* Begin PBXResourcesBuildPhase section */
		C4D681F61DFF49B5004858C4 /* Resources */ = {
			isa = PBXResourcesBuildPhase;
			buildActionMask = 2147483647;
			files = (
				C4D682061DFF49B6004858C4 /* LaunchScreen.storyboard in Resources */,
				C4D682031DFF49B6004858C4 /* Assets.xcassets in Resources */,
				C4D682011DFF49B5004858C4 /* Main.storyboard in Resources */,
			);
			runOnlyForDeploymentPostprocessing = 0;
		};
/* End PBXResourcesBuildPhase section */

/* Begin PBXSourcesBuildPhase section */
		C4D681F41DFF49B5004858C4 /* Sources */ = {
			isa = PBXSourcesBuildPhase;
			buildActionMask = 2147483647;
			files = (
				C4D681FE1DFF49B5004858C4 /* ViewController.swift in Sources */,
				C4D681FC1DFF49B5004858C4 /* AppDelegate.swift in Sources */,
			);
			runOnlyForDeploymentPostprocessing = 0;
		};
/* End PBXSourcesBuildPhase section */

/* Begin PBXVariantGroup section */
		C4D681FF1DFF49B5004858C4 /* Main.storyboard */ = {
			isa = PBXVariantGroup;
			children = (
				C4D682001DFF49B5004858C4 /* Base */,
			);
			name = Main.storyboard;
			sourceTree = "<group>";
		};
		C4D682041DFF49B6004858C4 /* LaunchScreen.storyboard */ = {
			isa = PBXVariantGroup;
			children = (
				C4D682051DFF49B6004858C4 /* Base */,
			);
			name = LaunchScreen.storyboard;
			sourceTree = "<group>";
		};
/* End PBXVariantGroup section */

/* Begin XCBuildConfiguration section */
		C4D682081DFF49B6004858C4 /* Debug */ = {
			isa = XCBuildConfiguration;
			buildSettings = {
				ALWAYS_SEARCH_USER_PATHS = NO;
				CLANG_ANALYZER_NONNULL = YES;
				CLANG_CXX_LANGUAGE_STANDARD = "gnu++0x";
				CLANG_CXX_LIBRARY = "libc++";
				CLANG_ENABLE_MODULES = YES;
				CLANG_ENABLE_OBJC_ARC = YES;
				CLANG_WARN_BOOL_CONVERSION = YES;
				CLANG_WARN_CONSTANT_CONVERSION = YES;
				CLANG_WARN_DIRECT_OBJC_ISA_USAGE = YES_ERROR;
				CLANG_WARN_DOCUMENTATION_COMMENTS = YES;
				CLANG_WARN_EMPTY_BODY = YES;
				CLANG_WARN_ENUM_CONVERSION = YES;
				CLANG_WARN_INFINITE_RECURSION = YES;
				CLANG_WARN_INT_CONVERSION = YES;
				CLANG_WARN_OBJC_ROOT_CLASS = YES_ERROR;
				CLANG_WARN_SUSPICIOUS_MOVES = YES;
				CLANG_WARN_UNREACHABLE_CODE = YES;
				CLANG_WARN__DUPLICATE_METHOD_MATCH = YES;
				"CODE_SIGN_IDENTITY[sdk=iphoneos*]" = "iPhone Developer";
				COPY_PHASE_STRIP = NO;
				DEBUG_INFORMATION_FORMAT = dwarf;
				ENABLE_STRICT_OBJC_MSGSEND = YES;
				ENABLE_TESTABILITY = YES;
				GCC_C_LANGUAGE_STANDARD = gnu99;
				GCC_DYNAMIC_NO_PIC = NO;
				GCC_NO_COMMON_BLOCKS = YES;
				GCC_OPTIMIZATION_LEVEL = 0;
				GCC_PREPROCESSOR_DEFINITIONS = (
					"DEBUG=1",
					"$(inherited)",
				);
				GCC_WARN_64_TO_32_BIT_CONVERSION = YES;
				GCC_WARN_ABOUT_RETURN_TYPE = YES_ERROR;
				GCC_WARN_UNDECLARED_SELECTOR = YES;
				GCC_WARN_UNINITIALIZED_AUTOS = YES_AGGRESSIVE;
				GCC_WARN_UNUSED_FUNCTION = YES;
				GCC_WARN_UNUSED_VARIABLE = YES;
				IPHONEOS_DEPLOYMENT_TARGET = 10.1;
				MTL_ENABLE_DEBUG_INFO = YES;
				ONLY_ACTIVE_ARCH = YES;
				SDKROOT = iphoneos;
				SWIFT_ACTIVE_COMPILATION_CONDITIONS = DEBUG;
				SWIFT_OPTIMIZATION_LEVEL = "-Onone";
				TARGETED_DEVICE_FAMILY = "1,2";
			};
			name = Debug;
		};
		C4D682091DFF49B6004858C4 /* Release */ = {
			isa = XCBuildConfiguration;
			buildSettings = {
				ALWAYS_SEARCH_USER_PATHS = NO;
				CLANG_ANALYZER_NONNULL = YES;
				CLANG_CXX_LANGUAGE_STANDARD = "gnu++0x";
				CLANG_CXX_LIBRARY = "libc++";
				CLANG_ENABLE_MODULES = YES;
				CLANG_ENABLE_OBJC_ARC = YES;
				CLANG_WARN_BOOL_CONVERSION = YES;
				CLANG_WARN_CONSTANT_CONVERSION = YES;
				CLANG_WARN_DIRECT_OBJC_ISA_USAGE = YES_ERROR;
				CLANG_WARN_DOCUMENTATION_COMMENTS = YES;
				CLANG_WARN_EMPTY_BODY = YES;
				CLANG_WARN_ENUM_CONVERSION = YES;
				CLANG_WARN_INFINITE_RECURSION = YES;
				CLANG_WARN_INT_CONVERSION = YES;
				CLANG_WARN_OBJC_ROOT_CLASS = YES_ERROR;
				CLANG_WARN_SUSPICIOUS_MOVES = YES;
				CLANG_WARN_UNREACHABLE_CODE = YES;
				CLANG_WARN__DUPLICATE_METHOD_MATCH = YES;
				"CODE_SIGN_IDENTITY[sdk=iphoneos*]" = "iPhone Developer";
				COPY_PHASE_STRIP = NO;
				DEBUG_INFORMATION_FORMAT = "dwarf-with-dsym";
				ENABLE_NS_ASSERTIONS = NO;
				ENABLE_STRICT_OBJC_MSGSEND = YES;
				GCC_C_LANGUAGE_STANDARD = gnu99;
				GCC_NO_COMMON_BLOCKS = YES;
				GCC_WARN_64_TO_32_BIT_CONVERSION = YES;
				GCC_WARN_ABOUT_RETURN_TYPE = YES_ERROR;
				GCC_WARN_UNDECLARED_SELECTOR = YES;
				GCC_WARN_UNINITIALIZED_AUTOS = YES_AGGRESSIVE;
				GCC_WARN_UNUSED_FUNCTION = YES;
				GCC_WARN_UNUSED_VARIABLE = YES;
				IPHONEOS_DEPLOYMENT_TARGET = 10.1;
				MTL_ENABLE_DEBUG_INFO = NO;
				SDKROOT = iphoneos;
				SWIFT_OPTIMIZATION_LEVEL = "-Owholemodule";
				TARGETED_DEVICE_FAMILY = "1,2";
				VALIDATE_PRODUCT = YES;
			};
			name = Release;
		};
		C4D6820B1DFF49B6004858C4 /* Debug */ = {
			isa = XCBuildConfiguration;
			buildSettings = {
				ASSETCATALOG_COMPILER_APPICON_NAME = AppIcon;
				DEVELOPMENT_TEAM = 595GQGY9Q9;
				INFOPLIST_FILE = Dropz/Info.plist;
				LD_RUNPATH_SEARCH_PATHS = "$(inherited) @executable_path/Frameworks";
				PRODUCT_BUNDLE_IDENTIFIER = com.cory.Dropz;
				PRODUCT_NAME = "$(TARGET_NAME)";
				SWIFT_VERSION = 3.0;
			};
			name = Debug;
		};
		C4D6820C1DFF49B6004858C4 /* Release */ = {
			isa = XCBuildConfiguration;
			buildSettings = {
				ASSETCATALOG_COMPILER_APPICON_NAME = AppIcon;
				DEVELOPMENT_TEAM = 595GQGY9Q9;
				INFOPLIST_FILE = Dropz/Info.plist;
				LD_RUNPATH_SEARCH_PATHS = "$(inherited) @executable_path/Frameworks";
				PRODUCT_BUNDLE_IDENTIFIER = com.cory.Dropz;
				PRODUCT_NAME = "$(TARGET_NAME)";
				SWIFT_VERSION = 3.0;
			};
			name = Release;
		};
/* End XCBuildConfiguration section */

/* Begin XCConfigurationList section */
		C4D681F31DFF49B5004858C4 /* Build configuration list for PBXProject "Dropz" */ = {
			isa = XCConfigurationList;
			buildConfigurations = (
				C4D682081DFF49B6004858C4 /* Debug */,
				C4D682091DFF49B6004858C4 /* Release */,
			);
			defaultConfigurationIsVisible = 0;
			defaultConfigurationName = Release;
		};
		C4D6820A1DFF49B6004858C4 /* Build configuration list for PBXNativeTarget "Dropz" */ = {
			isa = XCConfigurationList;
			buildConfigurations = (
				C4D6820B1DFF49B6004858C4 /* Debug */,
				C4D6820C1DFF49B6004858C4 /* Release */,
			);
			defaultConfigurationIsVisible = 0;
		};
/* End XCConfigurationList section */
	};
	rootObject = C4D681F01DFF49B5004858C4 /* Project object */;
}
